{
  "version": 4,
  "terraform_version": "1.14.4",
  "serial": 19,
  "lineage": "25d74dd2-fa07-0b1f-0d64-0eca6c45cb00",
  "outputs": {
    "instance_public_ip": {
      "value": "54.144.246.185",
      "type": "string"
    }
  },
  "resources": [
    {
      "module": "module.strapi_app",
      "mode": "managed",
      "type": "aws_instance",
      "name": "strapi_server",
      "provider": "provider[\"registry.terraform.io/hashicorp/aws\"]",
      "instances": [
        {
          "schema_version": 2,
          "attributes": {
            "ami": "ami-04a81a99f5ec58529",
            "arn": "arn:aws:ec2:us-east-1:164693826100:instance/i-02f30252e61e84b55",
            "associate_public_ip_address": true,
            "availability_zone": "us-east-1c",
            "capacity_reservation_specification": [
              {
                "capacity_reservation_preference": "open",
                "capacity_reservation_target": []
              }
            ],
            "cpu_options": [
              {
                "amd_sev_snp": "",
                "core_count": 1,
                "threads_per_core": 2
              }
            ],
            "credit_specification": [
              {
                "cpu_credits": "unlimited"
              }
            ],
            "disable_api_stop": false,
            "disable_api_termination": false,
            "ebs_block_device": [],
            "ebs_optimized": false,
            "enable_primary_ipv6": null,
            "enclave_options": [
              {
                "enabled": false
              }
            ],
            "ephemeral_block_device": [],
            "force_destroy": false,
            "get_password_data": false,
            "hibernation": false,
            "host_id": "",
            "host_resource_group_arn": null,
            "iam_instance_profile": "",
            "id": "i-02f30252e61e84b55",
            "instance_initiated_shutdown_behavior": "stop",
            "instance_lifecycle": "",
            "instance_market_options": [],
            "instance_state": "running",
            "instance_type": "t3.small",
            "ipv6_address_count": 0,
            "ipv6_addresses": [],
            "key_name": "strapi-deployer-key-v3",
            "launch_template": [],
            "maintenance_options": [
              {
                "auto_recovery": "default"
              }
            ],
            "metadata_options": [
              {
                "http_endpoint": "enabled",
                "http_protocol_ipv6": "disabled",
                "http_put_response_hop_limit": 2,
                "http_tokens": "required",
                "instance_metadata_tags": "disabled"
              }
            ],
            "monitoring": false,
            "network_interface": [],
            "outpost_arn": "",
            "password_data": "",
            "placement_group": "",
            "placement_group_id": "",
            "placement_partition_number": 0,
            "primary_network_interface": [
              {
                "delete_on_termination": true,
                "network_interface_id": "eni-092e0f94a5841e71c"
              }
            ],
            "primary_network_interface_id": "eni-092e0f94a5841e71c",
            "private_dns": "ip-172-31-27-63.ec2.internal",
            "private_dns_name_options": [
              {
                "enable_resource_name_dns_a_record": false,
                "enable_resource_name_dns_aaaa_record": false,
                "hostname_type": "ip-name"
              }
            ],
            "private_ip": "172.31.27.63",
            "public_dns": "ec2-54-144-246-185.compute-1.amazonaws.com",
            "public_ip": "54.144.246.185",
            "region": "us-east-1",
            "root_block_device": [
              {
                "delete_on_termination": true,
                "device_name": "/dev/sda1",
                "encrypted": false,
                "iops": 3000,
                "kms_key_id": "",
                "tags": {},
                "tags_all": {},
                "throughput": 125,
                "volume_id": "vol-0d7a8480b34e9a32b",
                "volume_size": 8,
                "volume_type": "gp3"
              }
            ],
            "secondary_private_ips": [],
            "security_groups": [
              "strapi-security-group-v3"
            ],
            "source_dest_check": true,
            "spot_instance_request_id": "",
            "subnet_id": "subnet-014975a0f1cc68211",
            "tags": {
              "Name": "Strapi-Server-Day3"
            },
            "tags_all": {
              "Name": "Strapi-Server-Day3"
            },
            "tenancy": "default",
            "timeouts": null,
            "user_data": "#!/bin/bash\r\nsudo apt update -y\r\ncurl -fsSL https://deb.nodesource.com/setup_20.x | sudo -E bash -\r\nsudo apt install -y nodejs build-essential\r\n",
            "user_data_base64": null,
            "user_data_replace_on_change": false,
            "volume_tags": null,
            "vpc_security_group_ids": [
              "sg-0d1eb447b39435ed7"
            ]
          },
          "sensitive_attributes": [],
          "identity_schema_version": 0,
          "identity": {
            "account_id": "164693826100",
            "id": "i-02f30252e61e84b55",
            "region": "us-east-1"
          },
          "private": "eyJlMmJmYjczMC1lY2FhLTExZTYtOGY4OC0zNDM2M2JjN2M0YzAiOnsiY3JlYXRlIjo2MDAwMDAwMDAwMDAsImRlbGV0ZSI6MTIwMDAwMDAwMDAwMCwicmVhZCI6OTAwMDAwMDAwMDAwLCJ1cGRhdGUiOjYwMDAwMDAwMDAwMH0sInNjaGVtYV92ZXJzaW9uIjoiMiJ9",
          "dependencies": [
            "module.strapi_app.aws_key_pair.deployer",
            "module.strapi_app.aws_security_group.strapi_sg",
            "module.strapi_app.tls_private_key.strapi_key"
          ]
        }
      ]
    },
    {
      "module": "module.strapi_app",
      "mode": "managed",
      "type": "aws_key_pair",
      "name": "deployer",
      "provider": "provider[\"registry.terraform.io/hashicorp/aws\"]",
      "instances": [
        {
          "schema_version": 1,
          "attributes": {
            "arn": "arn:aws:ec2:us-east-1:164693826100:key-pair/strapi-deployer-key-v3",
            "fingerprint": "6b:c8:9a:c8:dc:94:36:f3:f3:9e:92:fa:38:d6:54:ad",
            "id": "strapi-deployer-key-v3",
            "key_name": "strapi-deployer-key-v3",
            "key_name_prefix": "",
            "key_pair_id": "key-08db3baaee04a0089",
            "key_type": "rsa",
            "public_key": "ssh-rsa AAAAB3NzaC1yc2EAAAADAQABAAABAQDHcrjccWVAoY0OO6CNWABXU71i4RMOi+JNw/r//yakU6P7GvwwAKu0Fp6cQ9CeFMj5qisrszTLFutAVGEwuCC862+Q0ZjClQIPULzaOEhpA0CkOiTiIekALGG87TxdR0LROX2FBayK+a0m5CD1yEk28PDJ0iFY3QkP8olNAsPXh3TCwc1eaGoCErYsByx9fOs/hbNDPP/aP/a+u2lw1A21daLTmiPuKXjg3OE26erk4g1FG8ypmBClJs0kooBV45HXjkW78YnMWJ2ehtQ8KVkpIOXSM0gyDU4cZnwmU9B7niXfmUrStmWSv3CkuucuHjLHob6OWt18+ZOogxyxm6sv",
            "region": "us-east-1",
            "tags": null,
            "tags_all": {}
          },
          "sensitive_attributes": [],
          "identity_schema_version": 0,
          "private": "eyJzY2hlbWFfdmVyc2lvbiI6IjEifQ==",
          "dependencies": [
            "module.strapi_app.tls_private_key.strapi_key"
          ]
        }
      ]
    },
    {
      "module": "module.strapi_app",
      "mode": "managed",
      "type": "aws_security_group",
      "name": "strapi_sg",
      "provider": "provider[\"registry.terraform.io/hashicorp/aws\"]",
      "instances": [
        {
          "schema_version": 1,
          "attributes": {
            "arn": "arn:aws:ec2:us-east-1:164693826100:security-group/sg-0d1eb447b39435ed7",
            "description": "Allow SSH and Strapi traffic",
            "egress": [
              {
                "cidr_blocks": [
                  "0.0.0.0/0"
                ],
                "description": "",
                "from_port": 0,
                "ipv6_cidr_blocks": [],
                "prefix_list_ids": [],
                "protocol": "-1",
                "security_groups": [],
                "self": false,
                "to_port": 0
              }
            ],
            "id": "sg-0d1eb447b39435ed7",
            "ingress": [
              {
                "cidr_blocks": [
                  "0.0.0.0/0"
                ],
                "description": "",
                "from_port": 1337,
                "ipv6_cidr_blocks": [],
                "prefix_list_ids": [],
                "protocol": "tcp",
                "security_groups": [],
                "self": false,
                "to_port": 1337
              },
              {
                "cidr_blocks": [
                  "0.0.0.0/0"
                ],
                "description": "",
                "from_port": 22,
                "ipv6_cidr_blocks": [],
                "prefix_list_ids": [],
                "protocol": "tcp",
                "security_groups": [],
                "self": false,
                "to_port": 22
              }
            ],
            "name": "strapi-security-group-v3",
            "name_prefix": "",
            "owner_id": "164693826100",
            "region": "us-east-1",
            "revoke_rules_on_delete": false,
            "tags": null,
            "tags_all": {},
            "timeouts": null,
            "vpc_id": "vpc-0960e5d10f16463cc"
          },
          "sensitive_attributes": [],
          "identity_schema_version": 0,
          "identity": {
            "account_id": "164693826100",
            "id": "sg-0d1eb447b39435ed7",
            "region": "us-east-1"
          },
          "private": "eyJlMmJmYjczMC1lY2FhLTExZTYtOGY4OC0zNDM2M2JjN2M0YzAiOnsiY3JlYXRlIjo2MDAwMDAwMDAwMDAsImRlbGV0ZSI6OTAwMDAwMDAwMDAwfSwic2NoZW1hX3ZlcnNpb24iOiIxIn0="
        }
      ]
    },
    {
      "module": "module.strapi_app",
      "mode": "managed",
      "type": "local_file",
      "name": "private_key",
      "provider": "provider[\"registry.terraform.io/hashicorp/local\"]",
      "instances": [
        {
          "schema_version": 0,
          "attributes": {
            "content": "-----BEGIN RSA PRIVATE KEY-----\nMIIEpAIBAAKCAQEAx3K43HFlQKGNDjugjVgAV1O9YuETDoviTcP6//8mpFOj+xr8\nMACrtBaenEPQnhTI+aorK7M0yxbrQFRhMLggvOtvkNGYwpUCD1C82jhIaQNApDok\n4iHpACxhvO08XUdC0Tl9hQWsivmtJuQg9chJNvDwydIhWN0JD/KJTQLD14d0wsHN\nXmhqAhK2LAcsfXzrP4WzQzz/2j/2vrtpcNQNtXWi05oj7il44NzhNunq5OINRRvM\nqZgQpSbNJKKAVeOR145Fu/GJzFidnobUPClZKSDl0jNIMg1OHGZ8JlPQe54l35lK\n0rZlkr9wpLrnLh4yx6G+jlrdfPmTqIMcsZurLwIDAQABAoIBABSSNRXrjjVx1DIl\nHUSm0HYxWWXC8Cu+ast5jMBtqScmx1GFcYBj+VG8SYS1i+VaIHZ7wjMiKy5NQVtj\nuJiFTT8fC2VE8PwU0V8SBUB+sJ1ALCEkLBy0war2aOhLEcBPMsmQo+0d7jNxWBYc\nTnf7Pe3wQO2YAj9/oMkny1iJkfh/PgGOfD6yZ7yv6YHodSgobd5Kc+Ha7JNRzbrO\nPrA/T/9Qd+uG06O/+oYTqxTpByhfozwmueW3lSfmu2V/5jQc2giKrujLmq3WQ1RP\nB9rXUYqNqW3Zu9ccg2Fcs0yXV1zZrLiVEYlj9isecxEnarfpz5WocDNrvC6otnad\n6CzkxlUCgYEA3eY2HZcE1dygbW/nbiIn7DkPMm8t8w5EDzRNSBb2LQXfRfE0P5v3\njewiPJ1DiLNOfIyb8194qzaSMGPlvxJUG1hcS1oimsSuHaGIpeRdAgjFF9+ahxuk\nv6pUvgdBa8goxL3qFlqjSBmWJZ8OdcAInqDKHimo5cVozX9Hxywx9d0CgYEA5hlB\ne5VfW8Ac0TJdGEMSQ32ZF+P91untSKRa300t6YY7U70CJeUFzgTpj6dWNGP0a6Ho\n7K62jPi5o/V2uIPPKLq94aIT4b0nYO4Tjc5GsTrwAC9p+W3OF98BwRouU3/kvb1F\n6iBrJdcP35yKMS9/qPbDGtwcKJh+uR7SW+kFEnsCgYEAsqQ4YuAGw4moGhKiFZcn\n3tQc+PRq4KdWgYsQwH3D2IFGu88wyhjtVnOJKJVPHkmEYV7t2iO9SNFZJd32wzml\nPpKHUx6Qh1rZ9f7qvOs5OX8H9W1NwYGuw6MEMCw1LelpcOKYB0EW/N+kcks33/Im\nvlYiAeB2Ge0wr2fNyHo7Cn0CgYByszJGRZ6kYO68hYuMlZqcFBblptwZbsC+zlcS\nKynw193pDzXr5+9t1FsNJhA9y3nC0ZIHscwEF9SKW8kTj3kLx5Lxz9ZzV9QyaFtM\n+/+XR1bt8LS2BruOgLciKEfhjcZboucgH4rp8PvTrvfgLtpHQsLdN829ms7IvwmD\nkXPa0wKBgQCEtjUAGmwNGpNZzeAwWDiZ6BvYaIH/xElnXhZf2neSQfHg993KyrZM\n8vtOTG0SyBxvsIV8wOk0VJQ99VoHYO8l3mv/V2VUTu8ynQcXMvrtmI/4Xv+j2IBZ\nhNSzKKzR5BkLXRBd0bfXtqdwvj/Cadu6GPTMqNOuB669oI0RjP4BWA==\n-----END RSA PRIVATE KEY-----\n",
            "content_base64": null,
            "content_base64sha256": "Iy1vBkJpDv1JSM4TGSSmfovF77C3+VChUb1Fdp9R5iM=",
            "content_base64sha512": "1RXFG+1LuCqNZDWqgmRblal7ER0aej4bZMywNY7mTiuqHY3OfhQrh+YQq6FZkTJz4ZXGA8bO3z394ZMEsjC4/A==",
            "content_md5": "c19f3eb44261f5cecde2ff71d2fd3e91",
            "content_sha1": "75494d4e42176134a22fa477f41f2a6ef9250525",
            "content_sha256": "232d6f0642690efd4948ce131924a67e8bc5efb0b7f950a151bd45769f51e623",
            "content_sha512": "d515c51bed4bb82a8d6435aa82645b95a97b111d1a7a3e1b64ccb0358ee64e2baa1d8dce7e142b87e610aba159913273e195c603c6cedf3dfde19304b230b8fc",
            "directory_permission": "0777",
            "file_permission": "0400",
            "filename": "./strapi-key.pem",
            "id": "75494d4e42176134a22fa477f41f2a6ef9250525",
            "sensitive_content": null,
            "source": null
          },
          "sensitive_attributes": [
            [
              {
                "type": "get_attr",
                "value": "content"
              }
            ],
            [
              {
                "type": "get_attr",
                "value": "sensitive_content"
              }
            ]
          ],
          "identity_schema_version": 0,
          "dependencies": [
            "module.strapi_app.tls_private_key.strapi_key"
          ]
        }
      ]
    },
    {
      "module": "module.strapi_app",
      "mode": "managed",
      "type": "tls_private_key",
      "name": "strapi_key",
      "provider": "provider[\"registry.terraform.io/hashicorp/tls\"]",
      "instances": [
        {
          "schema_version": 1,
          "attributes": {
            "algorithm": "RSA",
            "ecdsa_curve": "P224",
            "id": "5c8d869722a797be1e7084a7121062f9b0ae0fde",
            "private_key_openssh": "-----BEGIN OPENSSH PRIVATE KEY-----\nb3BlbnNzaC1rZXktdjEAAAAABG5vbmUAAAAEbm9uZQAAAAAAAAABAAABFwAAAAdz\nc2gtcnNhAAAAAwEAAQAAAQEAx3K43HFlQKGNDjugjVgAV1O9YuETDoviTcP6//8m\npFOj+xr8MACrtBaenEPQnhTI+aorK7M0yxbrQFRhMLggvOtvkNGYwpUCD1C82jhI\naQNApDok4iHpACxhvO08XUdC0Tl9hQWsivmtJuQg9chJNvDwydIhWN0JD/KJTQLD\n14d0wsHNXmhqAhK2LAcsfXzrP4WzQzz/2j/2vrtpcNQNtXWi05oj7il44NzhNunq\n5OINRRvMqZgQpSbNJKKAVeOR145Fu/GJzFidnobUPClZKSDl0jNIMg1OHGZ8JlPQ\ne54l35lK0rZlkr9wpLrnLh4yx6G+jlrdfPmTqIMcsZurLwAAA7jA6E1JwOhNSQAA\nAAdzc2gtcnNhAAABAQDHcrjccWVAoY0OO6CNWABXU71i4RMOi+JNw/r//yakU6P7\nGvwwAKu0Fp6cQ9CeFMj5qisrszTLFutAVGEwuCC862+Q0ZjClQIPULzaOEhpA0Ck\nOiTiIekALGG87TxdR0LROX2FBayK+a0m5CD1yEk28PDJ0iFY3QkP8olNAsPXh3TC\nwc1eaGoCErYsByx9fOs/hbNDPP/aP/a+u2lw1A21daLTmiPuKXjg3OE26erk4g1F\nG8ypmBClJs0kooBV45HXjkW78YnMWJ2ehtQ8KVkpIOXSM0gyDU4cZnwmU9B7niXf\nmUrStmWSv3CkuucuHjLHob6OWt18+ZOogxyxm6svAAAAAwEAAQAAAQAUkjUV6441\ncdQyJR1EptB2MVllwvArvmrLeYzAbaknJsdRhXGAY/lRvEmEtYvlWiB2e8IzIisu\nTUFbY7iYhU0/HwtlRPD8FNFfEgVAfrCdQCwhJCwctMGq9mjoSxHATzLJkKPtHe4z\ncVgWHE53+z3t8EDtmAI/f6DJJ8tYiZH4fz4Bjnw+sme8r+mB6HUoKG3eSnPh2uyT\nUc26zj6wP0//UHfrhtOjv/qGE6sU6QcoX6M8Jrnlt5Un5rtlf+Y0HNoIiq7oy5qt\n1kNUTwfa11GKjalt2bvXHINhXLNMl1dc2ay4lRGJY/YrHnMRJ2q36c+VqHAza7wu\nqLZ2negs5MZVAAAAgQCEtjUAGmwNGpNZzeAwWDiZ6BvYaIH/xElnXhZf2neSQfHg\n993KyrZM8vtOTG0SyBxvsIV8wOk0VJQ99VoHYO8l3mv/V2VUTu8ynQcXMvrtmI/4\nXv+j2IBZhNSzKKzR5BkLXRBd0bfXtqdwvj/Cadu6GPTMqNOuB669oI0RjP4BWAAA\nAIEA3eY2HZcE1dygbW/nbiIn7DkPMm8t8w5EDzRNSBb2LQXfRfE0P5v3jewiPJ1D\niLNOfIyb8194qzaSMGPlvxJUG1hcS1oimsSuHaGIpeRdAgjFF9+ahxukv6pUvgdB\na8goxL3qFlqjSBmWJZ8OdcAInqDKHimo5cVozX9Hxywx9d0AAACBAOYZQXuVX1vA\nHNEyXRhDEkN9mRfj/dbp7UikWt9NLemGO1O9AiXlBc4E6Y+nVjRj9Guh6Oyutoz4\nuaP1driDzyi6veGiE+G9J2DuE43ORrE68AAvafltzhffAcEaLlN/5L29ReogayXX\nD9+cijEvf6j2wxrcHCiYfrke0lvpBRJ7AAAAAAEC\n-----END OPENSSH PRIVATE KEY-----\n",
            "private_key_pem": "-----BEGIN RSA PRIVATE KEY-----\nMIIEpAIBAAKCAQEAx3K43HFlQKGNDjugjVgAV1O9YuETDoviTcP6//8mpFOj+xr8\nMACrtBaenEPQnhTI+aorK7M0yxbrQFRhMLggvOtvkNGYwpUCD1C82jhIaQNApDok\n4iHpACxhvO08XUdC0Tl9hQWsivmtJuQg9chJNvDwydIhWN0JD/KJTQLD14d0wsHN\nXmhqAhK2LAcsfXzrP4WzQzz/2j/2vrtpcNQNtXWi05oj7il44NzhNunq5OINRRvM\nqZgQpSbNJKKAVeOR145Fu/GJzFidnobUPClZKSDl0jNIMg1OHGZ8JlPQe54l35lK\n0rZlkr9wpLrnLh4yx6G+jlrdfPmTqIMcsZurLwIDAQABAoIBABSSNRXrjjVx1DIl\nHUSm0HYxWWXC8Cu+ast5jMBtqScmx1GFcYBj+VG8SYS1i+VaIHZ7wjMiKy5NQVtj\nuJiFTT8fC2VE8PwU0V8SBUB+sJ1ALCEkLBy0war2aOhLEcBPMsmQo+0d7jNxWBYc\nTnf7Pe3wQO2YAj9/oMkny1iJkfh/PgGOfD6yZ7yv6YHodSgobd5Kc+Ha7JNRzbrO\nPrA/T/9Qd+uG06O/+oYTqxTpByhfozwmueW3lSfmu2V/5jQc2giKrujLmq3WQ1RP\nB9rXUYqNqW3Zu9ccg2Fcs0yXV1zZrLiVEYlj9isecxEnarfpz5WocDNrvC6otnad\n6CzkxlUCgYEA3eY2HZcE1dygbW/nbiIn7DkPMm8t8w5EDzRNSBb2LQXfRfE0P5v3\njewiPJ1DiLNOfIyb8194qzaSMGPlvxJUG1hcS1oimsSuHaGIpeRdAgjFF9+ahxuk\nv6pUvgdBa8goxL3qFlqjSBmWJZ8OdcAInqDKHimo5cVozX9Hxywx9d0CgYEA5hlB\ne5VfW8Ac0TJdGEMSQ32ZF+P91untSKRa300t6YY7U70CJeUFzgTpj6dWNGP0a6Ho\n7K62jPi5o/V2uIPPKLq94aIT4b0nYO4Tjc5GsTrwAC9p+W3OF98BwRouU3/kvb1F\n6iBrJdcP35yKMS9/qPbDGtwcKJh+uR7SW+kFEnsCgYEAsqQ4YuAGw4moGhKiFZcn\n3tQc+PRq4KdWgYsQwH3D2IFGu88wyhjtVnOJKJVPHkmEYV7t2iO9SNFZJd32wzml\nPpKHUx6Qh1rZ9f7qvOs5OX8H9W1NwYGuw6MEMCw1LelpcOKYB0EW/N+kcks33/Im\nvlYiAeB2Ge0wr2fNyHo7Cn0CgYByszJGRZ6kYO68hYuMlZqcFBblptwZbsC+zlcS\nKynw193pDzXr5+9t1FsNJhA9y3nC0ZIHscwEF9SKW8kTj3kLx5Lxz9ZzV9QyaFtM\n+/+XR1bt8LS2BruOgLciKEfhjcZboucgH4rp8PvTrvfgLtpHQsLdN829ms7IvwmD\nkXPa0wKBgQCEtjUAGmwNGpNZzeAwWDiZ6BvYaIH/xElnXhZf2neSQfHg993KyrZM\n8vtOTG0SyBxvsIV8wOk0VJQ99VoHYO8l3mv/V2VUTu8ynQcXMvrtmI/4Xv+j2IBZ\nhNSzKKzR5BkLXRBd0bfXtqdwvj/Cadu6GPTMqNOuB669oI0RjP4BWA==\n-----END RSA PRIVATE KEY-----\n",
            "private_key_pem_pkcs8": "-----BEGIN PRIVATE KEY-----\nMIIEvgIBADANBgkqhkiG9w0BAQEFAASCBKgwggSkAgEAAoIBAQDHcrjccWVAoY0O\nO6CNWABXU71i4RMOi+JNw/r//yakU6P7GvwwAKu0Fp6cQ9CeFMj5qisrszTLFutA\nVGEwuCC862+Q0ZjClQIPULzaOEhpA0CkOiTiIekALGG87TxdR0LROX2FBayK+a0m\n5CD1yEk28PDJ0iFY3QkP8olNAsPXh3TCwc1eaGoCErYsByx9fOs/hbNDPP/aP/a+\nu2lw1A21daLTmiPuKXjg3OE26erk4g1FG8ypmBClJs0kooBV45HXjkW78YnMWJ2e\nhtQ8KVkpIOXSM0gyDU4cZnwmU9B7niXfmUrStmWSv3CkuucuHjLHob6OWt18+ZOo\ngxyxm6svAgMBAAECggEAFJI1FeuONXHUMiUdRKbQdjFZZcLwK75qy3mMwG2pJybH\nUYVxgGP5UbxJhLWL5VogdnvCMyIrLk1BW2O4mIVNPx8LZUTw/BTRXxIFQH6wnUAs\nISQsHLTBqvZo6EsRwE8yyZCj7R3uM3FYFhxOd/s97fBA7ZgCP3+gySfLWImR+H8+\nAY58PrJnvK/pgeh1KCht3kpz4drsk1HNus4+sD9P/1B364bTo7/6hhOrFOkHKF+j\nPCa55beVJ+a7ZX/mNBzaCIqu6MuardZDVE8H2tdRio2pbdm71xyDYVyzTJdXXNms\nuJURiWP2Kx5zESdqt+nPlahwM2u8Lqi2dp3oLOTGVQKBgQDd5jYdlwTV3KBtb+du\nIifsOQ8yby3zDkQPNE1IFvYtBd9F8TQ/m/eN7CI8nUOIs058jJvzX3irNpIwY+W/\nElQbWFxLWiKaxK4doYil5F0CCMUX35qHG6S/qlS+B0FryCjEveoWWqNIGZYlnw51\nwAieoMoeKajlxWjNf0fHLDH13QKBgQDmGUF7lV9bwBzRMl0YQxJDfZkX4/3W6e1I\npFrfTS3phjtTvQIl5QXOBOmPp1Y0Y/RroejsrraM+Lmj9Xa4g88our3hohPhvSdg\n7hONzkaxOvAAL2n5bc4X3wHBGi5Tf+S9vUXqIGsl1w/fnIoxL3+o9sMa3BwomH65\nHtJb6QUSewKBgQCypDhi4AbDiagaEqIVlyfe1Bz49Grgp1aBixDAfcPYgUa7zzDK\nGO1Wc4kolU8eSYRhXu3aI71I0Vkl3fbDOaU+kodTHpCHWtn1/uq86zk5fwf1bU3B\nga7DowQwLDUt6Wlw4pgHQRb836RySzff8ia+ViIB4HYZ7TCvZ83IejsKfQKBgHKz\nMkZFnqRg7ryFi4yVmpwUFuWm3BluwL7OVxIrKfDX3ekPNevn723UWw0mED3LecLR\nkgexzAQX1IpbyROPeQvHkvHP1nNX1DJoW0z7/5dHVu3wtLYGu46AtyIoR+GNxlui\n5yAfiunw+9Ou9+Au2kdCwt03zb2azsi/CYORc9rTAoGBAIS2NQAabA0ak1nN4DBY\nOJnoG9hogf/ESWdeFl/ad5JB8eD33crKtkzy+05MbRLIHG+whXzA6TRUlD31Wgdg\n7yXea/9XZVRO7zKdBxcy+u2Yj/he/6PYgFmE1LMorNHkGQtdEF3Rt9e2p3C+P8Jp\n27oY9Myo064Hrr2gjRGM/gFY\n-----END PRIVATE KEY-----\n",
            "public_key_fingerprint_md5": "6b:44:b1:8c:b7:af:bf:bb:9c:f3:92:7f:f2:51:74:36",
            "public_key_fingerprint_sha256": "SHA256:TSSHBVClKYtxxZz9nss7vDEoYuorJKrJzBi7J0r5Im4",
            "public_key_openssh": "ssh-rsa AAAAB3NzaC1yc2EAAAADAQABAAABAQDHcrjccWVAoY0OO6CNWABXU71i4RMOi+JNw/r//yakU6P7GvwwAKu0Fp6cQ9CeFMj5qisrszTLFutAVGEwuCC862+Q0ZjClQIPULzaOEhpA0CkOiTiIekALGG87TxdR0LROX2FBayK+a0m5CD1yEk28PDJ0iFY3QkP8olNAsPXh3TCwc1eaGoCErYsByx9fOs/hbNDPP/aP/a+u2lw1A21daLTmiPuKXjg3OE26erk4g1FG8ypmBClJs0kooBV45HXjkW78YnMWJ2ehtQ8KVkpIOXSM0gyDU4cZnwmU9B7niXfmUrStmWSv3CkuucuHjLHob6OWt18+ZOogxyxm6sv\n",
            "public_key_pem": "-----BEGIN PUBLIC KEY-----\nMIIBIjANBgkqhkiG9w0BAQEFAAOCAQ8AMIIBCgKCAQEAx3K43HFlQKGNDjugjVgA\nV1O9YuETDoviTcP6//8mpFOj+xr8MACrtBaenEPQnhTI+aorK7M0yxbrQFRhMLgg\nvOtvkNGYwpUCD1C82jhIaQNApDok4iHpACxhvO08XUdC0Tl9hQWsivmtJuQg9chJ\nNvDwydIhWN0JD/KJTQLD14d0wsHNXmhqAhK2LAcsfXzrP4WzQzz/2j/2vrtpcNQN\ntXWi05oj7il44NzhNunq5OINRRvMqZgQpSbNJKKAVeOR145Fu/GJzFidnobUPClZ\nKSDl0jNIMg1OHGZ8JlPQe54l35lK0rZlkr9wpLrnLh4yx6G+jlrdfPmTqIMcsZur\nLwIDAQAB\n-----END PUBLIC KEY-----\n",
            "rsa_bits": 2048
          },
          "sensitive_attributes": [
            [
              {
                "type": "get_attr",
                "value": "private_key_openssh"
              }
            ],
            [
              {
                "type": "get_attr",
                "value": "private_key_pem"
              }
            ],
            [
              {
                "type": "get_attr",
                "value": "private_key_pem_pkcs8"
              }
            ]
          ],
          "identity_schema_version": 0
        }
      ]
    }
  ],
  "check_results": null
}
